// !$*UTF8*$!
{
	archiveVersion = 1;
	classes = {
	};
	objectVersion = 46;
	objects = {

/* Begin PBXBuildFile section */
		0671F7278DEA4AFCADB34F21 /* libLogger.a in Frameworks */ = {isa = PBXBuildFile; fileRef = E0802EF6D92E4339871BF594 /* libLogger.a */; };
		0EA52B685A5C4F69B325017F /* libClientLog.a in Frameworks */ = {isa = PBXBuildFile; fileRef = 7FFDBD8867D443C2A37C1A4B /* libClientLog.a */; };
		17E406E5C6CD452585E59015 /* libSMPAuthProxyPlugin.a in Frameworks */ = {isa = PBXBuildFile; fileRef = 0D8770455C2D4381BABAF76A /* libSMPAuthProxyPlugin.a */; };
		1A65AE0BF00C4B12BA77FAAB /* libE2ETrace2.a in Frameworks */ = {isa = PBXBuildFile; fileRef = AC0613E4AD164391B6589122 /* libE2ETrace2.a */; };
		1D3623260D0F684500981E51 /* AppDelegate.m in Sources */ = {isa = PBXBuildFile; fileRef = 1D3623250D0F684500981E51 /* AppDelegate.m */; };
		1D60589B0D05DD56006BFB54 /* main.m in Sources */ = {isa = PBXBuildFile; fileRef = 29B97316FDCFA39411CA2CEA /* main.m */; };
		1E396175D0DA4D08BE14C876 /* libz.dylib in Frameworks */ = {isa = PBXBuildFile; fileRef = 9C3F7A7E72034E3ABBA9E17C /* libz.dylib */; };
		1F36F1140DC24F2FAAAD0E27 /* libSupportability.a in Frameworks */ = {isa = PBXBuildFile; fileRef = 4B424841AD814FBE929FB75F /* libSupportability.a */; };
		288765FD0DF74451002DB57D /* CoreGraphics.framework in Frameworks */ = {isa = PBXBuildFile; fileRef = 288765FC0DF74451002DB57D /* CoreGraphics.framework */; };
		301BF552109A68D80062928A /* libCordova.a in Frameworks */ = {isa = PBXBuildFile; fileRef = 301BF535109A57CC0062928A /* libCordova.a */; };
		302D95F114D2391D003F00A1 /* MainViewController.m in Sources */ = {isa = PBXBuildFile; fileRef = 302D95EF14D2391D003F00A1 /* MainViewController.m */; };
		302D95F214D2391D003F00A1 /* MainViewController.xib in Resources */ = {isa = PBXBuildFile; fileRef = 302D95F014D2391D003F00A1 /* MainViewController.xib */; };
		305D5FD1115AB8F900A74A75 /* MobileCoreServices.framework in Frameworks */ = {isa = PBXBuildFile; fileRef = 305D5FD0115AB8F900A74A75 /* MobileCoreServices.framework */; };
		3088BBBD154F3926009F9C59 /* Default-Landscape@2x~ipad.png in Resources */ = {isa = PBXBuildFile; fileRef = 3088BBB7154F3926009F9C59 /* Default-Landscape@2x~ipad.png */; };
		3088BBBE154F3926009F9C59 /* Default-Landscape~ipad.png in Resources */ = {isa = PBXBuildFile; fileRef = 3088BBB8154F3926009F9C59 /* Default-Landscape~ipad.png */; };
		3088BBBF154F3926009F9C59 /* Default-Portrait@2x~ipad.png in Resources */ = {isa = PBXBuildFile; fileRef = 3088BBB9154F3926009F9C59 /* Default-Portrait@2x~ipad.png */; };
		3088BBC0154F3926009F9C59 /* Default-Portrait~ipad.png in Resources */ = {isa = PBXBuildFile; fileRef = 3088BBBA154F3926009F9C59 /* Default-Portrait~ipad.png */; };
		3088BBC1154F3926009F9C59 /* Default@2x~iphone.png in Resources */ = {isa = PBXBuildFile; fileRef = 3088BBBB154F3926009F9C59 /* Default@2x~iphone.png */; };
		3088BBC2154F3926009F9C59 /* Default~iphone.png in Resources */ = {isa = PBXBuildFile; fileRef = 3088BBBC154F3926009F9C59 /* Default~iphone.png */; };
		308D05371370CCF300D202BF /* icon-72.png in Resources */ = {isa = PBXBuildFile; fileRef = 308D052E1370CCF300D202BF /* icon-72.png */; };
		308D05381370CCF300D202BF /* icon.png in Resources */ = {isa = PBXBuildFile; fileRef = 308D052F1370CCF300D202BF /* icon.png */; };
		308D05391370CCF300D202BF /* icon@2x.png in Resources */ = {isa = PBXBuildFile; fileRef = 308D05301370CCF300D202BF /* icon@2x.png */; };
		30B4F30019D5E07200D9F7D8 /* Default-667h.png in Resources */ = {isa = PBXBuildFile; fileRef = 30B4F2FD19D5E07200D9F7D8 /* Default-667h.png */; };
		30B4F30119D5E07200D9F7D8 /* Default-736h.png in Resources */ = {isa = PBXBuildFile; fileRef = 30B4F2FE19D5E07200D9F7D8 /* Default-736h.png */; };
		30B4F30219D5E07200D9F7D8 /* Default-Landscape-736h.png in Resources */ = {isa = PBXBuildFile; fileRef = 30B4F2FF19D5E07200D9F7D8 /* Default-Landscape-736h.png */; };
		30C1856619D5FC0A00212699 /* icon-60@3x.png in Resources */ = {isa = PBXBuildFile; fileRef = 30C1856519D5FC0A00212699 /* icon-60@3x.png */; };
		30FC414916E50CA1004E6F35 /* icon-72@2x.png in Resources */ = {isa = PBXBuildFile; fileRef = 30FC414816E50CA1004E6F35 /* icon-72@2x.png */; };
		337CFD9FFFE045AE976F2340 /* libstdc++.dylib in Frameworks */ = {isa = PBXBuildFile; fileRef = DA2EC34AD5554865AE382610 /* libstdc++.dylib */; };
		3B54A496D40C4866A76F167C /* libPerformanceLib.a in Frameworks */ = {isa = PBXBuildFile; fileRef = A3AAC5D36DDE4BDCB71175C9 /* libPerformanceLib.a */; };
		3C9209C3DB8E4E2FBC6BF348 /* Certificate.xcassets in Resources */ = {isa = PBXBuildFile; fileRef = FDF46FF5035744E2A9F106B9 /* Certificate.xcassets */; };
		425105F0E8E34BF3BCA016F6 /* libc++.dylib in Frameworks */ = {isa = PBXBuildFile; fileRef = 9CA75D31E0294C809D675525 /* libc++.dylib */; };
		4C4D09CDC8504504B268B2CC /* libAfariaSLL.a in Frameworks */ = {isa = PBXBuildFile; fileRef = 1967A0F4A72546E5AD16ADED /* libAfariaSLL.a */; };
		4DD07A5FB5654892BEC0D1F5 /* libConnectivity.a in Frameworks */ = {isa = PBXBuildFile; fileRef = F1CDA36F040E43A99D5ADC63 /* libConnectivity.a */; };
		5281FE087D3D4C02A330F5DD /* MessageUI.framework in Frameworks */ = {isa = PBXBuildFile; fileRef = AF97606D84F542C1A8623F83 /* MessageUI.framework */; };
		5B1594DD16A7569C00FEF299 /* AssetsLibrary.framework in Frameworks */ = {isa = PBXBuildFile; fileRef = 5B1594DC16A7569C00FEF299 /* AssetsLibrary.framework */; };
		622F27D1E2194E3690AE059E /* libDatavault.a in Frameworks */ = {isa = PBXBuildFile; fileRef = 594B9A46DD144B808D654E5E /* libDatavault.a */; };
		74D01237CC3C4EE3B3DDCC39 /* CDVInAppBrowser.m in Sources */ = {isa = PBXBuildFile; fileRef = 7D49CF1D75D8441E80321498 /* CDVInAppBrowser.m */; };
		7E7966DE1810823500FA85AD /* icon-40.png in Resources */ = {isa = PBXBuildFile; fileRef = 7E7966D41810823500FA85AD /* icon-40.png */; };
		7E7966DF1810823500FA85AD /* icon-40@2x.png in Resources */ = {isa = PBXBuildFile; fileRef = 7E7966D51810823500FA85AD /* icon-40@2x.png */; };
		7E7966E01810823500FA85AD /* icon-50.png in Resources */ = {isa = PBXBuildFile; fileRef = 7E7966D61810823500FA85AD /* icon-50.png */; };
		7E7966E11810823500FA85AD /* icon-50@2x.png in Resources */ = {isa = PBXBuildFile; fileRef = 7E7966D71810823500FA85AD /* icon-50@2x.png */; };
		7E7966E21810823500FA85AD /* icon-60.png in Resources */ = {isa = PBXBuildFile; fileRef = 7E7966D81810823500FA85AD /* icon-60.png */; };
		7E7966E31810823500FA85AD /* icon-60@2x.png in Resources */ = {isa = PBXBuildFile; fileRef = 7E7966D91810823500FA85AD /* icon-60@2x.png */; };
		7E7966E41810823500FA85AD /* icon-76.png in Resources */ = {isa = PBXBuildFile; fileRef = 7E7966DA1810823500FA85AD /* icon-76.png */; };
		7E7966E51810823500FA85AD /* icon-76@2x.png in Resources */ = {isa = PBXBuildFile; fileRef = 7E7966DB1810823500FA85AD /* icon-76@2x.png */; };
		7E7966E61810823500FA85AD /* icon-small.png in Resources */ = {isa = PBXBuildFile; fileRef = 7E7966DC1810823500FA85AD /* icon-small.png */; };
		7E7966E71810823500FA85AD /* icon-small@2x.png in Resources */ = {isa = PBXBuildFile; fileRef = 7E7966DD1810823500FA85AD /* icon-small@2x.png */; };
		8E318659FFB6468C81022AFF /* libCommonCertificateProvider.a in Frameworks */ = {isa = PBXBuildFile; fileRef = 9179FBD2F67B445AAC975D6B /* libCommonCertificateProvider.a */; };
		96434F17FADA4CC3802F7BA8 /* libE2ETrace.a in Frameworks */ = {isa = PBXBuildFile; fileRef = 098ACDA31ECD433F8684694A /* libE2ETrace.a */; };
		96855BA75BA54795AD8D6498 /* CFNetwork.framework in Frameworks */ = {isa = PBXBuildFile; fileRef = 40917E0637A84FDFB7D3B264 /* CFNetwork.framework */; };
		9A131E4A1B30AA3D00D65C6B /* client2.p12 in Resources */ = {isa = PBXBuildFile; fileRef = 9A131E471B3099BD00D65C6B /* client2.p12 */; };
		9A131E4C1B30AAE600D65C6B /* X509FileCertScreen.storyboard in Resources */ = {isa = PBXBuildFile; fileRef = 9A131E4B1B30AAE600D65C6B /* X509FileCertScreen.storyboard */; };
		9A993F9634D0460DBA2FD669 /* CDVDevice.m in Sources */ = {isa = PBXBuildFile; fileRef = E5E73C962D394F35ABADE96A /* CDVDevice.m */; };
		9ACDBD211BFC47FDB72A9516 /* libMAFLogonManagerNG.a in Frameworks */ = {isa = PBXBuildFile; fileRef = 82CF7155DC7F44A094E93E4E /* libMAFLogonManagerNG.a */; };
		9AD965E21B2F61E600F1ED40 /* libstdc++.6.0.9.dylib in Frameworks */ = {isa = PBXBuildFile; fileRef = 9AD965E11B2F61E600F1ED40 /* libstdc++.6.0.9.dylib */; };
		A0BFE2C13E584F378B67F358 /* AfariaProvider.bundle in Resources */ = {isa = PBXBuildFile; fileRef = 6495DA49BC0E4363B035EEDE /* AfariaProvider.bundle */; };
		A1AF020DBBC046DB87A3C222 /* libRequest.a in Frameworks */ = {isa = PBXBuildFile; fileRef = B5D9AC49FA9C451B8C1786B8 /* libRequest.a */; };
		A230633BDF1F4A62BFFFD47E /* libMAFLogonCoreCDVPlugin.a in Frameworks */ = {isa = PBXBuildFile; fileRef = B8B5051750F946498FBC8761 /* libMAFLogonCoreCDVPlugin.a */; };
		B062D463D5AE458781B3C207 /* MAFLogonManagerNG.bundle in Resources */ = {isa = PBXBuildFile; fileRef = 6946697CE4BD4F1FBE14C3EE /* MAFLogonManagerNG.bundle */; };
		B294F275783F4D51B9325D42 /* SystemConfiguration.framework in Frameworks */ = {isa = PBXBuildFile; fileRef = 81CCDA7332BA451BAB7D4079 /* SystemConfiguration.framework */; };
		B5ABD216061742E0ACD490DF /* libClientHubSLL.a in Frameworks */ = {isa = PBXBuildFile; fileRef = 2FCC59C971014B3DB6F3C36D /* libClientHubSLL.a */; };
		B9D883A9C5D84615B35AEE86 /* libcrypto.a in Frameworks */ = {isa = PBXBuildFile; fileRef = 00176B8D7E064CE6B0D020E0 /* libcrypto.a */; };
		BEE133709B264BE8B68BADBC /* libsqlite3.dylib in Frameworks */ = {isa = PBXBuildFile; fileRef = 2EB479F4AE5C4E57BA284C4A /* libsqlite3.dylib */; };
		C817AB626FEF4073A1E60FB9 /* libHttpConversation.a in Frameworks */ = {isa = PBXBuildFile; fileRef = 5B772B32084847C29A3EDDCB /* libHttpConversation.a */; };
		CA19ADE10912429A854FD866 /* libCoreServices.a in Frameworks */ = {isa = PBXBuildFile; fileRef = F6D5A2894CAC449C87285048 /* libCoreServices.a */; };
		CFC660559AF24B4982B25ED2 /* libSMPCoreLib.a in Frameworks */ = {isa = PBXBuildFile; fileRef = 9A229525663344ED8B3815BE /* libSMPCoreLib.a */; };
		D4A0D8761607E02300AEF8BB /* Default-568h@2x~iphone.png in Resources */ = {isa = PBXBuildFile; fileRef = D4A0D8751607E02300AEF8BB /* Default-568h@2x~iphone.png */; };
		E34D33DE47FF4AFEBDBAD138 /* libHttpConvAuthFlows.a in Frameworks */ = {isa = PBXBuildFile; fileRef = 1B82206F75C5461AB74B125D /* libHttpConvAuthFlows.a */; };
		E58FAF6F662E4E84AB2F084D /* libMAFLogger.a in Frameworks */ = {isa = PBXBuildFile; fileRef = B48382BD9E02435DBCA8E7D2 /* libMAFLogger.a */; };
		E92895D37DD542BB8EA8CA74 /* CoreData.framework in Frameworks */ = {isa = PBXBuildFile; fileRef = 92AEED0CCB5B4B24B7E84013 /* CoreData.framework */; };
		EE822689C7E840CD8BD31FDD /* HttpConvAuthFlows.bundle in Resources */ = {isa = PBXBuildFile; fileRef = 615CF9B30CE14D5F8B6B1E99 /* HttpConvAuthFlows.bundle */; };
		F1A8F310BD8941F1BB7A3B68 /* libAfariaProvider.a in Frameworks */ = {isa = PBXBuildFile; fileRef = 82BDD156695F42B2BBCC4B3D /* libAfariaProvider.a */; };
		FD549632028F4017BB431721 /* Security.framework in Frameworks */ = {isa = PBXBuildFile; fileRef = F77247EC7D3B43CDB9AB9832 /* Security.framework */; };
/* End PBXBuildFile section */

/* Begin PBXContainerItemProxy section */
		301BF534109A57CC0062928A /* PBXContainerItemProxy */ = {
			isa = PBXContainerItemProxy;
			containerPortal = 301BF52D109A57CC0062928A /* CordovaLib.xcodeproj */;
			proxyType = 2;
			remoteGlobalIDString = D2AAC07E0554694100DB518D;
			remoteInfo = CordovaLib;
		};
		301BF550109A68C00062928A /* PBXContainerItemProxy */ = {
			isa = PBXContainerItemProxy;
			containerPortal = 301BF52D109A57CC0062928A /* CordovaLib.xcodeproj */;
			proxyType = 1;
			remoteGlobalIDString = D2AAC07D0554694100DB518D;
			remoteInfo = CordovaLib;
		};
		9A131E7D1B32028C00D65C6B /* PBXContainerItemProxy */ = {
			isa = PBXContainerItemProxy;
			containerPortal = 9AD965CC1B2F5B3000F1ED40 /* X509FileCertificateProvider.xcodeproj */;
			proxyType = 2;
			remoteGlobalIDString = 9A1DB6611862237E005222CB;
			remoteInfo = X509FileCertificateProvider;
		};
/* End PBXContainerItemProxy section */

/* Begin PBXFileReference section */
		00176B8D7E064CE6B0D020E0 /* libcrypto.a */ = {isa = PBXFileReference; fileEncoding = 4; lastKnownFileType = archive.ar; name = libcrypto.a; path = com.sample.x509/Plugins/com.sap.mp.cordova.plugins.corelibs/libcrypto.a; sourceTree = "<group>"; };
		098ACDA31ECD433F8684694A /* libE2ETrace.a */ = {isa = PBXFileReference; fileEncoding = 4; lastKnownFileType = archive.ar; name = libE2ETrace.a; path = com.sample.x509/Plugins/com.sap.mp.cordova.plugins.corelibs/libE2ETrace.a; sourceTree = "<group>"; };
		0D8770455C2D4381BABAF76A /* libSMPAuthProxyPlugin.a */ = {isa = PBXFileReference; fileEncoding = 4; lastKnownFileType = archive.ar; name = libSMPAuthProxyPlugin.a; path = com.sample.x509/Plugins/com.sap.mp.cordova.plugins.authproxy/libSMPAuthProxyPlugin.a; sourceTree = "<group>"; };
		1967A0F4A72546E5AD16ADED /* libAfariaSLL.a */ = {isa = PBXFileReference; fileEncoding = 4; lastKnownFileType = archive.ar; name = libAfariaSLL.a; path = com.sample.x509/Plugins/com.sap.mp.cordova.plugins.corelibs/libAfariaSLL.a; sourceTree = "<group>"; };
		1B82206F75C5461AB74B125D /* libHttpConvAuthFlows.a */ = {isa = PBXFileReference; fileEncoding = 4; lastKnownFileType = archive.ar; name = libHttpConvAuthFlows.a; path = com.sample.x509/Plugins/com.sap.mp.cordova.plugins.corelibs/libHttpConvAuthFlows.a; sourceTree = "<group>"; };
		1D3623240D0F684500981E51 /* AppDelegate.h */ = {isa = PBXFileReference; fileEncoding = 4; lastKnownFileType = sourcecode.c.h; path = AppDelegate.h; sourceTree = "<group>"; };
		1D3623250D0F684500981E51 /* AppDelegate.m */ = {isa = PBXFileReference; fileEncoding = 4; lastKnownFileType = sourcecode.c.objc; path = AppDelegate.m; sourceTree = "<group>"; };
		1D6058910D05DD3D006BFB54 /* com.sample.x509.app */ = {isa = PBXFileReference; explicitFileType = wrapper.application; includeInIndex = 0; path = com.sample.x509.app; sourceTree = BUILT_PRODUCTS_DIR; };
		288765FC0DF74451002DB57D /* CoreGraphics.framework */ = {isa = PBXFileReference; lastKnownFileType = wrapper.framework; name = CoreGraphics.framework; path = System/Library/Frameworks/CoreGraphics.framework; sourceTree = SDKROOT; };
		29B97316FDCFA39411CA2CEA /* main.m */ = {isa = PBXFileReference; fileEncoding = 4; lastKnownFileType = sourcecode.c.objc; path = main.m; sourceTree = "<group>"; };
		2EB479F4AE5C4E57BA284C4A /* libsqlite3.dylib */ = {isa = PBXFileReference; fileEncoding = 4; lastKnownFileType = "compiled.mach-o.dylib"; name = libsqlite3.dylib; path = usr/lib/libsqlite3.dylib; sourceTree = SDKROOT; };
		2FCC59C971014B3DB6F3C36D /* libClientHubSLL.a */ = {isa = PBXFileReference; fileEncoding = 4; lastKnownFileType = archive.ar; name = libClientHubSLL.a; path = com.sample.x509/Plugins/com.sap.mp.cordova.plugins.corelibs/libClientHubSLL.a; sourceTree = "<group>"; };
		301BF52D109A57CC0062928A /* CordovaLib.xcodeproj */ = {isa = PBXFileReference; lastKnownFileType = "wrapper.pb-project"; name = CordovaLib.xcodeproj; path = CordovaLib/CordovaLib.xcodeproj; sourceTree = "<group>"; };
		301BF56E109A69640062928A /* www */ = {isa = PBXFileReference; lastKnownFileType = folder; path = www; sourceTree = SOURCE_ROOT; };
		302D95EE14D2391D003F00A1 /* MainViewController.h */ = {isa = PBXFileReference; fileEncoding = 4; lastKnownFileType = sourcecode.c.h; path = MainViewController.h; sourceTree = "<group>"; };
		302D95EF14D2391D003F00A1 /* MainViewController.m */ = {isa = PBXFileReference; fileEncoding = 4; lastKnownFileType = sourcecode.c.objc; path = MainViewController.m; sourceTree = "<group>"; };
		302D95F014D2391D003F00A1 /* MainViewController.xib */ = {isa = PBXFileReference; fileEncoding = 4; lastKnownFileType = file.xib; path = MainViewController.xib; sourceTree = "<group>"; };
		305D5FD0115AB8F900A74A75 /* MobileCoreServices.framework */ = {isa = PBXFileReference; lastKnownFileType = wrapper.framework; name = MobileCoreServices.framework; path = System/Library/Frameworks/MobileCoreServices.framework; sourceTree = SDKROOT; };
		3088BBB7154F3926009F9C59 /* Default-Landscape@2x~ipad.png */ = {isa = PBXFileReference; lastKnownFileType = image.png; path = "Default-Landscape@2x~ipad.png"; sourceTree = "<group>"; };
		3088BBB8154F3926009F9C59 /* Default-Landscape~ipad.png */ = {isa = PBXFileReference; lastKnownFileType = image.png; path = "Default-Landscape~ipad.png"; sourceTree = "<group>"; };
		3088BBB9154F3926009F9C59 /* Default-Portrait@2x~ipad.png */ = {isa = PBXFileReference; lastKnownFileType = image.png; path = "Default-Portrait@2x~ipad.png"; sourceTree = "<group>"; };
		3088BBBA154F3926009F9C59 /* Default-Portrait~ipad.png */ = {isa = PBXFileReference; lastKnownFileType = image.png; path = "Default-Portrait~ipad.png"; sourceTree = "<group>"; };
		3088BBBB154F3926009F9C59 /* Default@2x~iphone.png */ = {isa = PBXFileReference; lastKnownFileType = image.png; path = "Default@2x~iphone.png"; sourceTree = "<group>"; };
		3088BBBC154F3926009F9C59 /* Default~iphone.png */ = {isa = PBXFileReference; lastKnownFileType = image.png; path = "Default~iphone.png"; sourceTree = "<group>"; };
		308D052E1370CCF300D202BF /* icon-72.png */ = {isa = PBXFileReference; lastKnownFileType = image.png; path = "icon-72.png"; sourceTree = "<group>"; };
		308D052F1370CCF300D202BF /* icon.png */ = {isa = PBXFileReference; lastKnownFileType = image.png; path = icon.png; sourceTree = "<group>"; };
		308D05301370CCF300D202BF /* icon@2x.png */ = {isa = PBXFileReference; lastKnownFileType = image.png; path = "icon@2x.png"; sourceTree = "<group>"; };
		30B4F2FD19D5E07200D9F7D8 /* Default-667h.png */ = {isa = PBXFileReference; lastKnownFileType = image.png; path = "Default-667h.png"; sourceTree = "<group>"; };
		30B4F2FE19D5E07200D9F7D8 /* Default-736h.png */ = {isa = PBXFileReference; lastKnownFileType = image.png; path = "Default-736h.png"; sourceTree = "<group>"; };
		30B4F2FF19D5E07200D9F7D8 /* Default-Landscape-736h.png */ = {isa = PBXFileReference; lastKnownFileType = image.png; path = "Default-Landscape-736h.png"; sourceTree = "<group>"; };
		30C1856519D5FC0A00212699 /* icon-60@3x.png */ = {isa = PBXFileReference; lastKnownFileType = image.png; path = "icon-60@3x.png"; sourceTree = "<group>"; };
		30FC414816E50CA1004E6F35 /* icon-72@2x.png */ = {isa = PBXFileReference; lastKnownFileType = image.png; path = "icon-72@2x.png"; sourceTree = "<group>"; };
		32CA4F630368D1EE00C91783 /* com.sample.x509-Prefix.pch */ = {isa = PBXFileReference; fileEncoding = 4; lastKnownFileType = sourcecode.c.h; path = "com.sample.x509-Prefix.pch"; sourceTree = "<group>"; };
		40917E0637A84FDFB7D3B264 /* CFNetwork.framework */ = {isa = PBXFileReference; fileEncoding = 4; lastKnownFileType = wrapper.framework; name = CFNetwork.framework; path = System/Library/Frameworks/CFNetwork.framework; sourceTree = SDKROOT; };
		4B424841AD814FBE929FB75F /* libSupportability.a */ = {isa = PBXFileReference; fileEncoding = 4; lastKnownFileType = archive.ar; name = libSupportability.a; path = com.sample.x509/Plugins/com.sap.mp.cordova.plugins.corelibs/libSupportability.a; sourceTree = "<group>"; };
		58BD0516AADD4976BCDCDE29 /* CertificateProviderDelegate.h */ = {isa = PBXFileReference; fileEncoding = 4; lastKnownFileType = sourcecode.c.h; name = CertificateProviderDelegate.h; path = com.sap.mp.cordova.plugins.logon/CertificateProviderDelegate.h; sourceTree = "<group>"; };
		594B9A46DD144B808D654E5E /* libDatavault.a */ = {isa = PBXFileReference; fileEncoding = 4; lastKnownFileType = archive.ar; name = libDatavault.a; path = com.sample.x509/Plugins/com.sap.mp.cordova.plugins.corelibs/libDatavault.a; sourceTree = "<group>"; };
		5B1594DC16A7569C00FEF299 /* AssetsLibrary.framework */ = {isa = PBXFileReference; lastKnownFileType = wrapper.framework; name = AssetsLibrary.framework; path = System/Library/Frameworks/AssetsLibrary.framework; sourceTree = SDKROOT; };
		5B772B32084847C29A3EDDCB /* libHttpConversation.a */ = {isa = PBXFileReference; fileEncoding = 4; lastKnownFileType = archive.ar; name = libHttpConversation.a; path = com.sample.x509/Plugins/com.sap.mp.cordova.plugins.corelibs/libHttpConversation.a; sourceTree = "<group>"; };
		615CF9B30CE14D5F8B6B1E99 /* HttpConvAuthFlows.bundle */ = {isa = PBXFileReference; lastKnownFileType = "wrapper.plug-in"; path = HttpConvAuthFlows.bundle; sourceTree = "<group>"; };
		6495DA49BC0E4363B035EEDE /* AfariaProvider.bundle */ = {isa = PBXFileReference; lastKnownFileType = "wrapper.plug-in"; path = AfariaProvider.bundle; sourceTree = "<group>"; };
		66CADE509FA448E488E18CE0 /* CDVInAppBrowser.h */ = {isa = PBXFileReference; fileEncoding = 4; lastKnownFileType = sourcecode.c.h; name = CDVInAppBrowser.h; path = org.apache.cordova.inappbrowser/CDVInAppBrowser.h; sourceTree = "<group>"; };
		6946697CE4BD4F1FBE14C3EE /* MAFLogonManagerNG.bundle */ = {isa = PBXFileReference; lastKnownFileType = "wrapper.plug-in"; path = MAFLogonManagerNG.bundle; sourceTree = "<group>"; };
		76A375650F8B4B3B99AD9EF8 /* CDVDevice.h */ = {isa = PBXFileReference; fileEncoding = 4; lastKnownFileType = sourcecode.c.h; name = CDVDevice.h; path = org.apache.cordova.device/CDVDevice.h; sourceTree = "<group>"; };
		7D49CF1D75D8441E80321498 /* CDVInAppBrowser.m */ = {isa = PBXFileReference; fileEncoding = 4; lastKnownFileType = sourcecode.c.objc; name = CDVInAppBrowser.m; path = org.apache.cordova.inappbrowser/CDVInAppBrowser.m; sourceTree = "<group>"; };
		7E7966D41810823500FA85AD /* icon-40.png */ = {isa = PBXFileReference; lastKnownFileType = image.png; path = "icon-40.png"; sourceTree = "<group>"; };
		7E7966D51810823500FA85AD /* icon-40@2x.png */ = {isa = PBXFileReference; lastKnownFileType = image.png; path = "icon-40@2x.png"; sourceTree = "<group>"; };
		7E7966D61810823500FA85AD /* icon-50.png */ = {isa = PBXFileReference; lastKnownFileType = image.png; path = "icon-50.png"; sourceTree = "<group>"; };
		7E7966D71810823500FA85AD /* icon-50@2x.png */ = {isa = PBXFileReference; lastKnownFileType = image.png; path = "icon-50@2x.png"; sourceTree = "<group>"; };
		7E7966D81810823500FA85AD /* icon-60.png */ = {isa = PBXFileReference; lastKnownFileType = image.png; path = "icon-60.png"; sourceTree = "<group>"; };
		7E7966D91810823500FA85AD /* icon-60@2x.png */ = {isa = PBXFileReference; lastKnownFileType = image.png; path = "icon-60@2x.png"; sourceTree = "<group>"; };
		7E7966DA1810823500FA85AD /* icon-76.png */ = {isa = PBXFileReference; lastKnownFileType = image.png; path = "icon-76.png"; sourceTree = "<group>"; };
		7E7966DB1810823500FA85AD /* icon-76@2x.png */ = {isa = PBXFileReference; lastKnownFileType = image.png; path = "icon-76@2x.png"; sourceTree = "<group>"; };
		7E7966DC1810823500FA85AD /* icon-small.png */ = {isa = PBXFileReference; lastKnownFileType = image.png; path = "icon-small.png"; sourceTree = "<group>"; };
		7E7966DD1810823500FA85AD /* icon-small@2x.png */ = {isa = PBXFileReference; lastKnownFileType = image.png; path = "icon-small@2x.png"; sourceTree = "<group>"; };
		7FFDBD8867D443C2A37C1A4B /* libClientLog.a */ = {isa = PBXFileReference; fileEncoding = 4; lastKnownFileType = archive.ar; name = libClientLog.a; path = com.sample.x509/Plugins/com.sap.mp.cordova.plugins.corelibs/libClientLog.a; sourceTree = "<group>"; };
		81CCDA7332BA451BAB7D4079 /* SystemConfiguration.framework */ = {isa = PBXFileReference; fileEncoding = 4; lastKnownFileType = wrapper.framework; name = SystemConfiguration.framework; path = System/Library/Frameworks/SystemConfiguration.framework; sourceTree = SDKROOT; };
		82BDD156695F42B2BBCC4B3D /* libAfariaProvider.a */ = {isa = PBXFileReference; fileEncoding = 4; lastKnownFileType = archive.ar; name = libAfariaProvider.a; path = com.sample.x509/Plugins/com.sap.mp.cordova.plugins.logon/libAfariaProvider.a; sourceTree = "<group>"; };
		82CF7155DC7F44A094E93E4E /* libMAFLogonManagerNG.a */ = {isa = PBXFileReference; fileEncoding = 4; lastKnownFileType = archive.ar; name = libMAFLogonManagerNG.a; path = com.sample.x509/Plugins/com.sap.mp.cordova.plugins.logon/libMAFLogonManagerNG.a; sourceTree = "<group>"; };
		8D1107310486CEB800E47090 /* com.sample.x509-Info.plist */ = {isa = PBXFileReference; fileEncoding = 4; lastKnownFileType = text.plist.xml; name = "com.sample.x509-Info.plist"; path = "../com.sample.x509-Info.plist"; plistStructureDefinitionIdentifier = "com.apple.xcode.plist.structure-definition.iphone.info-plist"; sourceTree = "<group>"; };
		9179FBD2F67B445AAC975D6B /* libCommonCertificateProvider.a */ = {isa = PBXFileReference; fileEncoding = 4; lastKnownFileType = archive.ar; name = libCommonCertificateProvider.a; path = com.sample.x509/Plugins/com.sap.mp.cordova.plugins.logon/libCommonCertificateProvider.a; sourceTree = "<group>"; };
		92AEED0CCB5B4B24B7E84013 /* CoreData.framework */ = {isa = PBXFileReference; fileEncoding = 4; lastKnownFileType = wrapper.framework; name = CoreData.framework; path = System/Library/Frameworks/CoreData.framework; sourceTree = SDKROOT; };
		9A131E471B3099BD00D65C6B /* client2.p12 */ = {isa = PBXFileReference; lastKnownFileType = file; path = client2.p12; sourceTree = "<group>"; };
		9A131E4B1B30AAE600D65C6B /* X509FileCertScreen.storyboard */ = {isa = PBXFileReference; fileEncoding = 4; lastKnownFileType = file.storyboard; path = X509FileCertScreen.storyboard; sourceTree = "<group>"; };
		9A229525663344ED8B3815BE /* libSMPCoreLib.a */ = {isa = PBXFileReference; fileEncoding = 4; lastKnownFileType = archive.ar; name = libSMPCoreLib.a; path = com.sample.x509/Plugins/com.sap.mp.cordova.plugins.corelibs/libSMPCoreLib.a; sourceTree = "<group>"; };
		9AD965CC1B2F5B3000F1ED40 /* X509FileCertificateProvider.xcodeproj */ = {isa = PBXFileReference; lastKnownFileType = "wrapper.pb-project"; name = X509FileCertificateProvider.xcodeproj; path = ../../../X509FileCertificateProvider/X509FileCertificateProvider.xcodeproj; sourceTree = "<group>"; };
		9AD965E11B2F61E600F1ED40 /* libstdc++.6.0.9.dylib */ = {isa = PBXFileReference; lastKnownFileType = "compiled.mach-o.dylib"; name = "libstdc++.6.0.9.dylib"; path = "usr/lib/libstdc++.6.0.9.dylib"; sourceTree = SDKROOT; };
		9C3F7A7E72034E3ABBA9E17C /* libz.dylib */ = {isa = PBXFileReference; fileEncoding = 4; lastKnownFileType = "compiled.mach-o.dylib"; name = libz.dylib; path = usr/lib/libz.dylib; sourceTree = SDKROOT; };
		9CA75D31E0294C809D675525 /* libc++.dylib */ = {isa = PBXFileReference; fileEncoding = 4; lastKnownFileType = "compiled.mach-o.dylib"; name = "libc++.dylib"; path = "usr/lib/libc++.dylib"; sourceTree = SDKROOT; };
		A3AAC5D36DDE4BDCB71175C9 /* libPerformanceLib.a */ = {isa = PBXFileReference; fileEncoding = 4; lastKnownFileType = archive.ar; name = libPerformanceLib.a; path = com.sample.x509/Plugins/com.sap.mp.cordova.plugins.corelibs/libPerformanceLib.a; sourceTree = "<group>"; };
		AC0613E4AD164391B6589122 /* libE2ETrace2.a */ = {isa = PBXFileReference; fileEncoding = 4; lastKnownFileType = archive.ar; name = libE2ETrace2.a; path = com.sample.x509/Plugins/com.sap.mp.cordova.plugins.corelibs/libE2ETrace2.a; sourceTree = "<group>"; };
		AF97606D84F542C1A8623F83 /* MessageUI.framework */ = {isa = PBXFileReference; fileEncoding = 4; lastKnownFileType = wrapper.framework; name = MessageUI.framework; path = System/Library/Frameworks/MessageUI.framework; sourceTree = SDKROOT; };
		B48382BD9E02435DBCA8E7D2 /* libMAFLogger.a */ = {isa = PBXFileReference; fileEncoding = 4; lastKnownFileType = archive.ar; name = libMAFLogger.a; path = com.sample.x509/Plugins/com.sap.mp.cordova.plugins.logon/libMAFLogger.a; sourceTree = "<group>"; };
		B5D9AC49FA9C451B8C1786B8 /* libRequest.a */ = {isa = PBXFileReference; fileEncoding = 4; lastKnownFileType = archive.ar; name = libRequest.a; path = com.sample.x509/Plugins/com.sap.mp.cordova.plugins.corelibs/libRequest.a; sourceTree = "<group>"; };
		B8B5051750F946498FBC8761 /* libMAFLogonCoreCDVPlugin.a */ = {isa = PBXFileReference; fileEncoding = 4; lastKnownFileType = archive.ar; name = libMAFLogonCoreCDVPlugin.a; path = com.sample.x509/Plugins/com.sap.mp.cordova.plugins.logon/libMAFLogonCoreCDVPlugin.a; sourceTree = "<group>"; };
		D4A0D8751607E02300AEF8BB /* Default-568h@2x~iphone.png */ = {isa = PBXFileReference; lastKnownFileType = image.png; path = "Default-568h@2x~iphone.png"; sourceTree = "<group>"; };
		DA2EC34AD5554865AE382610 /* libstdc++.dylib */ = {isa = PBXFileReference; fileEncoding = 4; lastKnownFileType = "compiled.mach-o.dylib"; name = "libstdc++.dylib"; path = "usr/lib/libstdc++.dylib"; sourceTree = SDKROOT; };
		E0802EF6D92E4339871BF594 /* libLogger.a */ = {isa = PBXFileReference; fileEncoding = 4; lastKnownFileType = archive.ar; name = libLogger.a; path = com.sample.x509/Plugins/com.sap.mp.cordova.plugins.corelibs/libLogger.a; sourceTree = "<group>"; };
		E5E73C962D394F35ABADE96A /* CDVDevice.m */ = {isa = PBXFileReference; fileEncoding = 4; lastKnownFileType = sourcecode.c.objc; name = CDVDevice.m; path = org.apache.cordova.device/CDVDevice.m; sourceTree = "<group>"; };
		EB87FDF21871DA7A0020F90C /* merges */ = {isa = PBXFileReference; lastKnownFileType = folder; name = merges; path = ../../merges; sourceTree = "<group>"; };
		EB87FDF31871DA8E0020F90C /* www */ = {isa = PBXFileReference; lastKnownFileType = folder; name = www; path = ../../www; sourceTree = "<group>"; };
		EB87FDF41871DAF40020F90C /* config.xml */ = {isa = PBXFileReference; lastKnownFileType = text.xml; name = config.xml; path = ../../config.xml; sourceTree = "<group>"; };
		F1CDA36F040E43A99D5ADC63 /* libConnectivity.a */ = {isa = PBXFileReference; fileEncoding = 4; lastKnownFileType = archive.ar; name = libConnectivity.a; path = com.sample.x509/Plugins/com.sap.mp.cordova.plugins.corelibs/libConnectivity.a; sourceTree = "<group>"; };
		F6D5A2894CAC449C87285048 /* libCoreServices.a */ = {isa = PBXFileReference; fileEncoding = 4; lastKnownFileType = archive.ar; name = libCoreServices.a; path = com.sample.x509/Plugins/com.sap.mp.cordova.plugins.corelibs/libCoreServices.a; sourceTree = "<group>"; };
		F77247EC7D3B43CDB9AB9832 /* Security.framework */ = {isa = PBXFileReference; fileEncoding = 4; lastKnownFileType = wrapper.framework; name = Security.framework; path = System/Library/Frameworks/Security.framework; sourceTree = SDKROOT; };
		F81728D5EC804D9A84CC7757 /* CertificateProvider.h */ = {isa = PBXFileReference; fileEncoding = 4; lastKnownFileType = sourcecode.c.h; name = CertificateProvider.h; path = com.sap.mp.cordova.plugins.logon/CertificateProvider.h; sourceTree = "<group>"; };
		F840E1F0165FE0F500CFE078 /* config.xml */ = {isa = PBXFileReference; lastKnownFileType = text.xml; name = config.xml; path = com.sample.x509/config.xml; sourceTree = "<group>"; };
		FDF46FF5035744E2A9F106B9 /* Certificate.xcassets */ = {isa = PBXFileReference; fileEncoding = 4; lastKnownFileType = unknown; path = Certificate.xcassets; sourceTree = "<group>"; };
/* End PBXFileReference section */

/* Begin PBXFrameworksBuildPhase section */
		1D60588F0D05DD3D006BFB54 /* Frameworks */ = {
			isa = PBXFrameworksBuildPhase;
			buildActionMask = 2147483647;
			files = (
				9AD965E21B2F61E600F1ED40 /* libstdc++.6.0.9.dylib in Frameworks */,
				5B1594DD16A7569C00FEF299 /* AssetsLibrary.framework in Frameworks */,
				301BF552109A68D80062928A /* libCordova.a in Frameworks */,
				288765FD0DF74451002DB57D /* CoreGraphics.framework in Frameworks */,
				305D5FD1115AB8F900A74A75 /* MobileCoreServices.framework in Frameworks */,
				4DD07A5FB5654892BEC0D1F5 /* libConnectivity.a in Frameworks */,
				A1AF020DBBC046DB87A3C222 /* libRequest.a in Frameworks */,
				96434F17FADA4CC3802F7BA8 /* libE2ETrace.a in Frameworks */,
				CA19ADE10912429A854FD866 /* libCoreServices.a in Frameworks */,
				B5ABD216061742E0ACD490DF /* libClientHubSLL.a in Frameworks */,
				0671F7278DEA4AFCADB34F21 /* libLogger.a in Frameworks */,
				C817AB626FEF4073A1E60FB9 /* libHttpConversation.a in Frameworks */,
				E34D33DE47FF4AFEBDBAD138 /* libHttpConvAuthFlows.a in Frameworks */,
				1F36F1140DC24F2FAAAD0E27 /* libSupportability.a in Frameworks */,
				0EA52B685A5C4F69B325017F /* libClientLog.a in Frameworks */,
				1A65AE0BF00C4B12BA77FAAB /* libE2ETrace2.a in Frameworks */,
				4C4D09CDC8504504B268B2CC /* libAfariaSLL.a in Frameworks */,
				622F27D1E2194E3690AE059E /* libDatavault.a in Frameworks */,
				3B54A496D40C4866A76F167C /* libPerformanceLib.a in Frameworks */,
				CFC660559AF24B4982B25ED2 /* libSMPCoreLib.a in Frameworks */,
				B9D883A9C5D84615B35AEE86 /* libcrypto.a in Frameworks */,
				1E396175D0DA4D08BE14C876 /* libz.dylib in Frameworks */,
				337CFD9FFFE045AE976F2340 /* libstdc++.dylib in Frameworks */,
				425105F0E8E34BF3BCA016F6 /* libc++.dylib in Frameworks */,
				BEE133709B264BE8B68BADBC /* libsqlite3.dylib in Frameworks */,
				FD549632028F4017BB431721 /* Security.framework in Frameworks */,
				5281FE087D3D4C02A330F5DD /* MessageUI.framework in Frameworks */,
				96855BA75BA54795AD8D6498 /* CFNetwork.framework in Frameworks */,
				B294F275783F4D51B9325D42 /* SystemConfiguration.framework in Frameworks */,
				E92895D37DD542BB8EA8CA74 /* CoreData.framework in Frameworks */,
				17E406E5C6CD452585E59015 /* libSMPAuthProxyPlugin.a in Frameworks */,
				E58FAF6F662E4E84AB2F084D /* libMAFLogger.a in Frameworks */,
				A230633BDF1F4A62BFFFD47E /* libMAFLogonCoreCDVPlugin.a in Frameworks */,
				9ACDBD211BFC47FDB72A9516 /* libMAFLogonManagerNG.a in Frameworks */,
				8E318659FFB6468C81022AFF /* libCommonCertificateProvider.a in Frameworks */,
				F1A8F310BD8941F1BB7A3B68 /* libAfariaProvider.a in Frameworks */,
			);
			runOnlyForDeploymentPostprocessing = 0;
		};
/* End PBXFrameworksBuildPhase section */

/* Begin PBXGroup section */
		080E96DDFE201D6D7F000001 /* Classes */ = {
			isa = PBXGroup;
			children = (
				302D95EE14D2391D003F00A1 /* MainViewController.h */,
				302D95EF14D2391D003F00A1 /* MainViewController.m */,
				302D95F014D2391D003F00A1 /* MainViewController.xib */,
				1D3623240D0F684500981E51 /* AppDelegate.h */,
				1D3623250D0F684500981E51 /* AppDelegate.m */,
			);
			name = Classes;
			path = com.sample.x509/Classes;
			sourceTree = SOURCE_ROOT;
		};
		19C28FACFE9D520D11CA2CBB /* Products */ = {
			isa = PBXGroup;
			children = (
				1D6058910D05DD3D006BFB54 /* com.sample.x509.app */,
			);
			name = Products;
			sourceTree = "<group>";
		};
		29B97314FDCFA39411CA2CEA /* CustomTemplate */ = {
			isa = PBXGroup;
			children = (
				9AD965CC1B2F5B3000F1ED40 /* X509FileCertificateProvider.xcodeproj */,
				EB87FDF41871DAF40020F90C /* config.xml */,
				EB87FDF31871DA8E0020F90C /* www */,
				EB87FDF21871DA7A0020F90C /* merges */,
				EB87FDF11871DA420020F90C /* Staging */,
				301BF52D109A57CC0062928A /* CordovaLib.xcodeproj */,
				080E96DDFE201D6D7F000001 /* Classes */,
				307C750510C5A3420062BCA9 /* Plugins */,
				29B97315FDCFA39411CA2CEA /* Other Sources */,
				29B97317FDCFA39411CA2CEA /* Resources */,
				29B97323FDCFA39411CA2CEA /* Frameworks */,
				19C28FACFE9D520D11CA2CBB /* Products */,
			);
			name = CustomTemplate;
			sourceTree = "<group>";
		};
		29B97315FDCFA39411CA2CEA /* Other Sources */ = {
			isa = PBXGroup;
			children = (
				32CA4F630368D1EE00C91783 /* com.sample.x509-Prefix.pch */,
				29B97316FDCFA39411CA2CEA /* main.m */,
			);
			name = "Other Sources";
			path = com.sample.x509;
			sourceTree = "<group>";
		};
		29B97317FDCFA39411CA2CEA /* Resources */ = {
			isa = PBXGroup;
			children = (
				9A131E4B1B30AAE600D65C6B /* X509FileCertScreen.storyboard */,
				9A131E471B3099BD00D65C6B /* client2.p12 */,
				308D052D1370CCF300D202BF /* icons */,
				308D05311370CCF300D202BF /* splash */,
				8D1107310486CEB800E47090 /* com.sample.x509-Info.plist */,
				FDF46FF5035744E2A9F106B9 /* Certificate.xcassets */,
				615CF9B30CE14D5F8B6B1E99 /* HttpConvAuthFlows.bundle */,
				6946697CE4BD4F1FBE14C3EE /* MAFLogonManagerNG.bundle */,
				6495DA49BC0E4363B035EEDE /* AfariaProvider.bundle */,
			);
			name = Resources;
			path = com.sample.x509/Resources;
			sourceTree = "<group>";
		};
		29B97323FDCFA39411CA2CEA /* Frameworks */ = {
			isa = PBXGroup;
			children = (
				9AD965E11B2F61E600F1ED40 /* libstdc++.6.0.9.dylib */,
				5B1594DC16A7569C00FEF299 /* AssetsLibrary.framework */,
				288765FC0DF74451002DB57D /* CoreGraphics.framework */,
				305D5FD0115AB8F900A74A75 /* MobileCoreServices.framework */,
				F1CDA36F040E43A99D5ADC63 /* libConnectivity.a */,
				B5D9AC49FA9C451B8C1786B8 /* libRequest.a */,
				098ACDA31ECD433F8684694A /* libE2ETrace.a */,
				F6D5A2894CAC449C87285048 /* libCoreServices.a */,
				2FCC59C971014B3DB6F3C36D /* libClientHubSLL.a */,
				E0802EF6D92E4339871BF594 /* libLogger.a */,
				5B772B32084847C29A3EDDCB /* libHttpConversation.a */,
				1B82206F75C5461AB74B125D /* libHttpConvAuthFlows.a */,
				4B424841AD814FBE929FB75F /* libSupportability.a */,
				7FFDBD8867D443C2A37C1A4B /* libClientLog.a */,
				AC0613E4AD164391B6589122 /* libE2ETrace2.a */,
				1967A0F4A72546E5AD16ADED /* libAfariaSLL.a */,
				594B9A46DD144B808D654E5E /* libDatavault.a */,
				A3AAC5D36DDE4BDCB71175C9 /* libPerformanceLib.a */,
				9A229525663344ED8B3815BE /* libSMPCoreLib.a */,
				00176B8D7E064CE6B0D020E0 /* libcrypto.a */,
				9C3F7A7E72034E3ABBA9E17C /* libz.dylib */,
				DA2EC34AD5554865AE382610 /* libstdc++.dylib */,
				9CA75D31E0294C809D675525 /* libc++.dylib */,
				2EB479F4AE5C4E57BA284C4A /* libsqlite3.dylib */,
				F77247EC7D3B43CDB9AB9832 /* Security.framework */,
				AF97606D84F542C1A8623F83 /* MessageUI.framework */,
				40917E0637A84FDFB7D3B264 /* CFNetwork.framework */,
				81CCDA7332BA451BAB7D4079 /* SystemConfiguration.framework */,
				92AEED0CCB5B4B24B7E84013 /* CoreData.framework */,
				0D8770455C2D4381BABAF76A /* libSMPAuthProxyPlugin.a */,
				B48382BD9E02435DBCA8E7D2 /* libMAFLogger.a */,
				B8B5051750F946498FBC8761 /* libMAFLogonCoreCDVPlugin.a */,
				82CF7155DC7F44A094E93E4E /* libMAFLogonManagerNG.a */,
				9179FBD2F67B445AAC975D6B /* libCommonCertificateProvider.a */,
				82BDD156695F42B2BBCC4B3D /* libAfariaProvider.a */,
			);
			name = Frameworks;
			sourceTree = "<group>";
		};
		301BF52E109A57CC0062928A /* Products */ = {
			isa = PBXGroup;
			children = (
				301BF535109A57CC0062928A /* libCordova.a */,
			);
			name = Products;
			sourceTree = "<group>";
		};
		307C750510C5A3420062BCA9 /* Plugins */ = {
			isa = PBXGroup;
			children = (
				E5E73C962D394F35ABADE96A /* CDVDevice.m */,
				76A375650F8B4B3B99AD9EF8 /* CDVDevice.h */,
				7D49CF1D75D8441E80321498 /* CDVInAppBrowser.m */,
				66CADE509FA448E488E18CE0 /* CDVInAppBrowser.h */,
				F81728D5EC804D9A84CC7757 /* CertificateProvider.h */,
				58BD0516AADD4976BCDCDE29 /* CertificateProviderDelegate.h */,
			);
			name = Plugins;
			path = com.sample.x509/Plugins;
			sourceTree = SOURCE_ROOT;
		};
		308D052D1370CCF300D202BF /* icons */ = {
			isa = PBXGroup;
			children = (
				30C1856519D5FC0A00212699 /* icon-60@3x.png */,
				7E7966D41810823500FA85AD /* icon-40.png */,
				7E7966D51810823500FA85AD /* icon-40@2x.png */,
				7E7966D61810823500FA85AD /* icon-50.png */,
				7E7966D71810823500FA85AD /* icon-50@2x.png */,
				7E7966D81810823500FA85AD /* icon-60.png */,
				7E7966D91810823500FA85AD /* icon-60@2x.png */,
				7E7966DA1810823500FA85AD /* icon-76.png */,
				7E7966DB1810823500FA85AD /* icon-76@2x.png */,
				7E7966DC1810823500FA85AD /* icon-small.png */,
				7E7966DD1810823500FA85AD /* icon-small@2x.png */,
				30FC414816E50CA1004E6F35 /* icon-72@2x.png */,
				308D052E1370CCF300D202BF /* icon-72.png */,
				308D052F1370CCF300D202BF /* icon.png */,
				308D05301370CCF300D202BF /* icon@2x.png */,
			);
			path = icons;
			sourceTree = "<group>";
		};
		308D05311370CCF300D202BF /* splash */ = {
			isa = PBXGroup;
			children = (
				30B4F2FD19D5E07200D9F7D8 /* Default-667h.png */,
				30B4F2FE19D5E07200D9F7D8 /* Default-736h.png */,
				30B4F2FF19D5E07200D9F7D8 /* Default-Landscape-736h.png */,
				D4A0D8751607E02300AEF8BB /* Default-568h@2x~iphone.png */,
				3088BBB7154F3926009F9C59 /* Default-Landscape@2x~ipad.png */,
				3088BBB8154F3926009F9C59 /* Default-Landscape~ipad.png */,
				3088BBB9154F3926009F9C59 /* Default-Portrait@2x~ipad.png */,
				3088BBBA154F3926009F9C59 /* Default-Portrait~ipad.png */,
				3088BBBB154F3926009F9C59 /* Default@2x~iphone.png */,
				3088BBBC154F3926009F9C59 /* Default~iphone.png */,
			);
			path = splash;
			sourceTree = "<group>";
		};
		9A131E7A1B32028C00D65C6B /* Products */ = {
			isa = PBXGroup;
			children = (
				9A131E7E1B32028C00D65C6B /* libX509FileCertificateProvider.a */,
			);
			name = Products;
			sourceTree = "<group>";
		};
		EB87FDF11871DA420020F90C /* Staging */ = {
			isa = PBXGroup;
			children = (
				F840E1F0165FE0F500CFE078 /* config.xml */,
				301BF56E109A69640062928A /* www */,
			);
			name = Staging;
			sourceTree = "<group>";
		};
/* End PBXGroup section */

/* Begin PBXNativeTarget section */
		1D6058900D05DD3D006BFB54 /* com.sample.x509 */ = {
			isa = PBXNativeTarget;
			buildConfigurationList = 1D6058960D05DD3E006BFB54 /* Build configuration list for PBXNativeTarget "com.sample.x509" */;
			buildPhases = (
				304B58A110DAC018002A0835 /* Copy www directory */,
				1D60588D0D05DD3D006BFB54 /* Resources */,
				1D60588E0D05DD3D006BFB54 /* Sources */,
				1D60588F0D05DD3D006BFB54 /* Frameworks */,
			);
			buildRules = (
			);
			dependencies = (
				301BF551109A68C00062928A /* PBXTargetDependency */,
			);
			name = com.sample.x509;
			productName = com.sample.x509;
			productReference = 1D6058910D05DD3D006BFB54 /* com.sample.x509.app */;
			productType = "com.apple.product-type.application";
		};
/* End PBXNativeTarget section */

/* Begin PBXProject section */
		29B97313FDCFA39411CA2CEA /* Project object */ = {
			isa = PBXProject;
			attributes = {
				LastUpgradeCheck = 510;
			};
			buildConfigurationList = C01FCF4E08A954540054247B /* Build configuration list for PBXProject "com.sample.x509" */;
			compatibilityVersion = "Xcode 3.2";
			developmentRegion = English;
			hasScannedForEncodings = 1;
			knownRegions = (
				English,
				Japanese,
				French,
				German,
				en,
				es,
				de,
				se,
			);
			mainGroup = 29B97314FDCFA39411CA2CEA /* CustomTemplate */;
			projectDirPath = "";
			projectReferences = (
				{
					ProductGroup = 301BF52E109A57CC0062928A /* Products */;
					ProjectRef = 301BF52D109A57CC0062928A /* CordovaLib.xcodeproj */;
				},
				{
					ProductGroup = 9A131E7A1B32028C00D65C6B /* Products */;
					ProjectRef = 9AD965CC1B2F5B3000F1ED40 /* X509FileCertificateProvider.xcodeproj */;
				},
			);
			projectRoot = "";
			targets = (
				1D6058900D05DD3D006BFB54 /* com.sample.x509 */,
			);
		};
/* End PBXProject section */

/* Begin PBXReferenceProxy section */
		301BF535109A57CC0062928A /* libCordova.a */ = {
			isa = PBXReferenceProxy;
			fileType = archive.ar;
			path = libCordova.a;
			remoteRef = 301BF534109A57CC0062928A /* PBXContainerItemProxy */;
			sourceTree = BUILT_PRODUCTS_DIR;
		};
		9A131E7E1B32028C00D65C6B /* libX509FileCertificateProvider.a */ = {
			isa = PBXReferenceProxy;
			fileType = archive.ar;
			path = libX509FileCertificateProvider.a;
			remoteRef = 9A131E7D1B32028C00D65C6B /* PBXContainerItemProxy */;
			sourceTree = BUILT_PRODUCTS_DIR;
		};
/* End PBXReferenceProxy section */

/* Begin PBXResourcesBuildPhase section */
		1D60588D0D05DD3D006BFB54 /* Resources */ = {
			isa = PBXResourcesBuildPhase;
			buildActionMask = 2147483647;
			files = (
				7E7966E41810823500FA85AD /* icon-76.png in Resources */,
				7E7966DF1810823500FA85AD /* icon-40@2x.png in Resources */,
				308D05371370CCF300D202BF /* icon-72.png in Resources */,
				30B4F30119D5E07200D9F7D8 /* Default-736h.png in Resources */,
				308D05381370CCF300D202BF /* icon.png in Resources */,
				308D05391370CCF300D202BF /* icon@2x.png in Resources */,
				302D95F214D2391D003F00A1 /* MainViewController.xib in Resources */,
				7E7966E01810823500FA85AD /* icon-50.png in Resources */,
				7E7966E31810823500FA85AD /* icon-60@2x.png in Resources */,
				7E7966E61810823500FA85AD /* icon-small.png in Resources */,
				3088BBBD154F3926009F9C59 /* Default-Landscape@2x~ipad.png in Resources */,
				3088BBBE154F3926009F9C59 /* Default-Landscape~ipad.png in Resources */,
				3088BBBF154F3926009F9C59 /* Default-Portrait@2x~ipad.png in Resources */,
				7E7966E71810823500FA85AD /* icon-small@2x.png in Resources */,
				3088BBC0154F3926009F9C59 /* Default-Portrait~ipad.png in Resources */,
				30B4F30019D5E07200D9F7D8 /* Default-667h.png in Resources */,
				7E7966DE1810823500FA85AD /* icon-40.png in Resources */,
				3088BBC1154F3926009F9C59 /* Default@2x~iphone.png in Resources */,
				9A131E4A1B30AA3D00D65C6B /* client2.p12 in Resources */,
				7E7966E21810823500FA85AD /* icon-60.png in Resources */,
				3088BBC2154F3926009F9C59 /* Default~iphone.png in Resources */,
				D4A0D8761607E02300AEF8BB /* Default-568h@2x~iphone.png in Resources */,
				30B4F30219D5E07200D9F7D8 /* Default-Landscape-736h.png in Resources */,
				30C1856619D5FC0A00212699 /* icon-60@3x.png in Resources */,
				9A131E4C1B30AAE600D65C6B /* X509FileCertScreen.storyboard in Resources */,
				7E7966E11810823500FA85AD /* icon-50@2x.png in Resources */,
				7E7966E51810823500FA85AD /* icon-76@2x.png in Resources */,
				30FC414916E50CA1004E6F35 /* icon-72@2x.png in Resources */,
				3C9209C3DB8E4E2FBC6BF348 /* Certificate.xcassets in Resources */,
				EE822689C7E840CD8BD31FDD /* HttpConvAuthFlows.bundle in Resources */,
				B062D463D5AE458781B3C207 /* MAFLogonManagerNG.bundle in Resources */,
				A0BFE2C13E584F378B67F358 /* AfariaProvider.bundle in Resources */,
			);
			runOnlyForDeploymentPostprocessing = 0;
		};
/* End PBXResourcesBuildPhase section */

/* Begin PBXShellScriptBuildPhase section */
		304B58A110DAC018002A0835 /* Copy www directory */ = {
			isa = PBXShellScriptBuildPhase;
			buildActionMask = 2147483647;
			files = (
			);
			inputPaths = (
			);
			name = "Copy www directory";
			outputPaths = (
			);
			runOnlyForDeploymentPostprocessing = 0;
			shellPath = /bin/sh;
			shellScript = "cordova/lib/copy-www-build-step.sh";
			showEnvVarsInLog = 0;
		};
/* End PBXShellScriptBuildPhase section */

/* Begin PBXSourcesBuildPhase section */
		1D60588E0D05DD3D006BFB54 /* Sources */ = {
			isa = PBXSourcesBuildPhase;
			buildActionMask = 2147483647;
			files = (
				1D60589B0D05DD56006BFB54 /* main.m in Sources */,
				1D3623260D0F684500981E51 /* AppDelegate.m in Sources */,
				302D95F114D2391D003F00A1 /* MainViewController.m in Sources */,
				9A993F9634D0460DBA2FD669 /* CDVDevice.m in Sources */,
				74D01237CC3C4EE3B3DDCC39 /* CDVInAppBrowser.m in Sources */,
			);
			runOnlyForDeploymentPostprocessing = 0;
		};
/* End PBXSourcesBuildPhase section */

/* Begin PBXTargetDependency section */
		301BF551109A68C00062928A /* PBXTargetDependency */ = {
			isa = PBXTargetDependency;
			name = CordovaLib;
			targetProxy = 301BF550109A68C00062928A /* PBXContainerItemProxy */;
		};
/* End PBXTargetDependency section */

/* Begin XCBuildConfiguration section */
		1D6058940D05DD3E006BFB54 /* Debug */ = {
			isa = XCBuildConfiguration;
			buildSettings = {
				ALWAYS_SEARCH_USER_PATHS = NO;
				CLANG_ENABLE_OBJC_ARC = YES;
				COPY_PHASE_STRIP = NO;
				GCC_DYNAMIC_NO_PIC = NO;
				GCC_OPTIMIZATION_LEVEL = 0;
				GCC_PRECOMPILE_PREFIX_HEADER = YES;
				GCC_PREFIX_HEADER = "com.sample.x509/com.sample.x509-Prefix.pch";
				GCC_THUMB_SUPPORT = NO;
				GCC_VERSION = "";
				INFOPLIST_FILE = "com.sample.x509/com.sample.x509-Info.plist";
				IPHONEOS_DEPLOYMENT_TARGET = 7.0;
				LIBRARY_SEARCH_PATHS = (
					"$(inherited)",
					"\"$(SRCROOT)/com.sample.x509/Plugins/com.sap.mp.cordova.plugins.corelibs\"",
					"\"$(SRCROOT)/com.sample.x509/Plugins/com.sap.mp.cordova.plugins.corelibs\"",
					"\"$(SRCROOT)/com.sample.x509/Plugins/com.sap.mp.cordova.plugins.corelibs\"",
					"\"$(SRCROOT)/com.sample.x509/Plugins/com.sap.mp.cordova.plugins.corelibs\"",
					"\"$(SRCROOT)/com.sample.x509/Plugins/com.sap.mp.cordova.plugins.corelibs\"",
					"\"$(SRCROOT)/com.sample.x509/Plugins/com.sap.mp.cordova.plugins.corelibs\"",
					"\"$(SRCROOT)/com.sample.x509/Plugins/com.sap.mp.cordova.plugins.corelibs\"",
					"\"$(SRCROOT)/com.sample.x509/Plugins/com.sap.mp.cordova.plugins.corelibs\"",
					"\"$(SRCROOT)/com.sample.x509/Plugins/com.sap.mp.cordova.plugins.corelibs\"",
					"\"$(SRCROOT)/com.sample.x509/Plugins/com.sap.mp.cordova.plugins.corelibs\"",
					"\"$(SRCROOT)/com.sample.x509/Plugins/com.sap.mp.cordova.plugins.corelibs\"",
					"\"$(SRCROOT)/com.sample.x509/Plugins/com.sap.mp.cordova.plugins.corelibs\"",
					"\"$(SRCROOT)/com.sample.x509/Plugins/com.sap.mp.cordova.plugins.corelibs\"",
					"\"$(SRCROOT)/com.sample.x509/Plugins/com.sap.mp.cordova.plugins.corelibs\"",
					"\"$(SRCROOT)/com.sample.x509/Plugins/com.sap.mp.cordova.plugins.corelibs\"",
					"\"$(SRCROOT)/com.sample.x509/Plugins/com.sap.mp.cordova.plugins.corelibs\"",
					"\"$(SRCROOT)/com.sample.x509/Plugins/com.sap.mp.cordova.plugins.authproxy\"",
					"\"$(SRCROOT)/com.sample.x509/Plugins/com.sap.mp.cordova.plugins.logon\"",
					"\"$(SRCROOT)/com.sample.x509/Plugins/com.sap.mp.cordova.plugins.logon\"",
					"\"$(SRCROOT)/com.sample.x509/Plugins/com.sap.mp.cordova.plugins.logon\"",
					"\"$(SRCROOT)/com.sample.x509/Plugins/com.sap.mp.cordova.plugins.logon\"",
					"\"$(SRCROOT)/com.sample.x509/Plugins/com.sap.mp.cordova.plugins.logon\"",
				);
				OTHER_LDFLAGS = (
					"-weak_framework",
					CoreFoundation,
					"-weak_framework",
					UIKit,
					"-weak_framework",
					AVFoundation,
					"-weak_framework",
					CoreMedia,
					"-weak-lSystem",
					"-ObjC",
				);
				PRODUCT_NAME = com.sample.x509;
				TARGETED_DEVICE_FAMILY = "1,2";
			};
			name = Debug;
		};
		1D6058950D05DD3E006BFB54 /* Release */ = {
			isa = XCBuildConfiguration;
			buildSettings = {
				ALWAYS_SEARCH_USER_PATHS = NO;
				CLANG_ENABLE_OBJC_ARC = YES;
				COPY_PHASE_STRIP = YES;
				GCC_PRECOMPILE_PREFIX_HEADER = YES;
				GCC_PREFIX_HEADER = "com.sample.x509/com.sample.x509-Prefix.pch";
				GCC_THUMB_SUPPORT = NO;
				GCC_VERSION = "";
				INFOPLIST_FILE = "com.sample.x509/com.sample.x509-Info.plist";
				IPHONEOS_DEPLOYMENT_TARGET = 7.0;
				LIBRARY_SEARCH_PATHS = (
					"$(inherited)",
					"\"$(SRCROOT)/com.sample.x509/Plugins/com.sap.mp.cordova.plugins.corelibs\"",
					"\"$(SRCROOT)/com.sample.x509/Plugins/com.sap.mp.cordova.plugins.corelibs\"",
					"\"$(SRCROOT)/com.sample.x509/Plugins/com.sap.mp.cordova.plugins.corelibs\"",
					"\"$(SRCROOT)/com.sample.x509/Plugins/com.sap.mp.cordova.plugins.corelibs\"",
					"\"$(SRCROOT)/com.sample.x509/Plugins/com.sap.mp.cordova.plugins.corelibs\"",
					"\"$(SRCROOT)/com.sample.x509/Plugins/com.sap.mp.cordova.plugins.corelibs\"",
					"\"$(SRCROOT)/com.sample.x509/Plugins/com.sap.mp.cordova.plugins.corelibs\"",
					"\"$(SRCROOT)/com.sample.x509/Plugins/com.sap.mp.cordova.plugins.corelibs\"",
					"\"$(SRCROOT)/com.sample.x509/Plugins/com.sap.mp.cordova.plugins.corelibs\"",
					"\"$(SRCROOT)/com.sample.x509/Plugins/com.sap.mp.cordova.plugins.corelibs\"",
					"\"$(SRCROOT)/com.sample.x509/Plugins/com.sap.mp.cordova.plugins.corelibs\"",
					"\"$(SRCROOT)/com.sample.x509/Plugins/com.sap.mp.cordova.plugins.corelibs\"",
					"\"$(SRCROOT)/com.sample.x509/Plugins/com.sap.mp.cordova.plugins.corelibs\"",
					"\"$(SRCROOT)/com.sample.x509/Plugins/com.sap.mp.cordova.plugins.corelibs\"",
					"\"$(SRCROOT)/com.sample.x509/Plugins/com.sap.mp.cordova.plugins.corelibs\"",
					"\"$(SRCROOT)/com.sample.x509/Plugins/com.sap.mp.cordova.plugins.corelibs\"",
					"\"$(SRCROOT)/com.sample.x509/Plugins/com.sap.mp.cordova.plugins.authproxy\"",
					"\"$(SRCROOT)/com.sample.x509/Plugins/com.sap.mp.cordova.plugins.logon\"",
					"\"$(SRCROOT)/com.sample.x509/Plugins/com.sap.mp.cordova.plugins.logon\"",
					"\"$(SRCROOT)/com.sample.x509/Plugins/com.sap.mp.cordova.plugins.logon\"",
					"\"$(SRCROOT)/com.sample.x509/Plugins/com.sap.mp.cordova.plugins.logon\"",
					"\"$(SRCROOT)/com.sample.x509/Plugins/com.sap.mp.cordova.plugins.logon\"",
				);
				OTHER_LDFLAGS = (
					"-weak_framework",
					CoreFoundation,
					"-weak_framework",
					UIKit,
					"-weak_framework",
					AVFoundation,
					"-weak_framework",
					CoreMedia,
					"-weak-lSystem",
					"-ObjC",
				);
				PRODUCT_NAME = com.sample.x509;
				TARGETED_DEVICE_FAMILY = "1,2";
			};
			name = Release;
		};
		C01FCF4F08A954540054247B /* Debug */ = {
			isa = XCBuildConfiguration;
			buildSettings = {
				CLANG_ENABLE_OBJC_ARC = YES;
				CLANG_WARN_BOOL_CONVERSION = YES;
				CLANG_WARN_CONSTANT_CONVERSION = YES;
				CLANG_WARN_EMPTY_BODY = YES;
				CLANG_WARN_ENUM_CONVERSION = YES;
				CLANG_WARN_INT_CONVERSION = YES;
				CLANG_WARN__DUPLICATE_METHOD_MATCH = YES;
				"CODE_SIGN_IDENTITY[sdk=iphoneos*]" = "iPhone Developer";
				GCC_C_LANGUAGE_STANDARD = c99;
				GCC_THUMB_SUPPORT = NO;
				GCC_VERSION = "";
				GCC_WARN_ABOUT_RETURN_TYPE = YES;
				GCC_WARN_UNDECLARED_SELECTOR = YES;
				GCC_WARN_UNINITIALIZED_AUTOS = YES;
				GCC_WARN_UNUSED_FUNCTION = YES;
				GCC_WARN_UNUSED_VARIABLE = YES;
				HEADER_SEARCH_PATHS = (
					"\"$(TARGET_BUILD_DIR)/usr/local/lib/include\"",
					"\"$(OBJROOT)/UninstalledProducts/include\"",
					"\"$(BUILT_PRODUCTS_DIR)\"",
				);
				IPHONEOS_DEPLOYMENT_TARGET = 6.0;
				ONLY_ACTIVE_ARCH = YES;
				OTHER_LDFLAGS = (
					"-weak_framework",
					CoreFoundation,
					"-weak_framework",
					UIKit,
					"-weak_framework",
					AVFoundation,
					"-weak_framework",
					CoreMedia,
					"-weak-lSystem",
					"-ObjC",
				);
				SDKROOT = iphoneos;
				SKIP_INSTALL = NO;
				USER_HEADER_SEARCH_PATHS = "";
			};
			name = Debug;
		};
		C01FCF5008A954540054247B /* Release */ = {
			isa = XCBuildConfiguration;
			buildSettings = {
				CLANG_ENABLE_OBJC_ARC = YES;
				CLANG_WARN_BOOL_CONVERSION = YES;
				CLANG_WARN_CONSTANT_CONVERSION = YES;
				CLANG_WARN_EMPTY_BODY = YES;
				CLANG_WARN_ENUM_CONVERSION = YES;
				CLANG_WARN_INT_CONVERSION = YES;
				CLANG_WARN__DUPLICATE_METHOD_MATCH = YES;
				"CODE_SIGN_IDENTITY[sdk=iphoneos*]" = "iPhone Developer";
				GCC_C_LANGUAGE_STANDARD = c99;
				GCC_THUMB_SUPPORT = NO;
				GCC_VERSION = "";
				GCC_WARN_ABOUT_RETURN_TYPE = YES;
				GCC_WARN_UNDECLARED_SELECTOR = YES;
				GCC_WARN_UNINITIALIZED_AUTOS = YES;
				GCC_WARN_UNUSED_FUNCTION = YES;
				GCC_WARN_UNUSED_VARIABLE = YES;
				HEADER_SEARCH_PATHS = (
					"\"$(TARGET_BUILD_DIR)/usr/local/lib/include\"",
					"\"$(OBJROOT)/UninstalledProducts/include\"",
					"\"$(BUILT_PRODUCTS_DIR)\"",
				);
				IPHONEOS_DEPLOYMENT_TARGET = 6.0;
				OTHER_LDFLAGS = (
					"-weak_framework",
					CoreFoundation,
					"-weak_framework",
					UIKit,
					"-weak_framework",
					AVFoundation,
					"-weak_framework",
					CoreMedia,
					"-weak-lSystem",
					"-ObjC",
				);
				SDKROOT = iphoneos;
				SKIP_INSTALL = NO;
				USER_HEADER_SEARCH_PATHS = "";
			};
			name = Release;
		};
/* End XCBuildConfiguration section */

/* Begin XCConfigurationList section */
		1D6058960D05DD3E006BFB54 /* Build configuration list for PBXNativeTarget "com.sample.x509" */ = {
			isa = XCConfigurationList;
			buildConfigurations = (
				1D6058940D05DD3E006BFB54 /* Debug */,
				1D6058950D05DD3E006BFB54 /* Release */,
			);
			defaultConfigurationIsVisible = 0;
			defaultConfigurationName = Release;
		};
		C01FCF4E08A954540054247B /* Build configuration list for PBXProject "com.sample.x509" */ = {
			isa = XCConfigurationList;
			buildConfigurations = (
				C01FCF4F08A954540054247B /* Debug */,
				C01FCF5008A954540054247B /* Release */,
			);
			defaultConfigurationIsVisible = 0;
			defaultConfigurationName = Release;
		};
/* End XCConfigurationList section */
	};
	rootObject = 29B97313FDCFA39411CA2CEA /* Project object */;
}
